
Microsoft Visual Studio Solution File, Format Version 12.00
# Visual Studio 2013
VisualStudioVersion = 12.0.31101.0
MinimumVisualStudioVersion = 10.0.40219.1
Project("{888888A0-9F3D-457C-B088-3A5042F75D52}") = "dynamics_fmn_main", "dynamics_fmn_main\dynamics_fmn_main.pyproj", "{9AEE5CDC-5A17-4D64-978F-CE3E913D8DEB}"
EndProject
Global
	GlobalSection(SolutionConfigurationPlatforms) = preSolution
		Debug|Any CPU = Debug|Any CPU
		Release|Any CPU = Release|Any CPU
	EndGlobalSection
	GlobalSection(ProjectConfigurationPlatforms) = postSolution
		{9AEE5CDC-5A17-4D64-978F-CE3E913D8DEB}.Debug|Any CPU.ActiveCfg = Debug|Any CPU
		{9AEE5CDC-5A17-4D64-978F-CE3E913D8DEB}.Release|Any CPU.ActiveCfg = Release|Any CPU
	EndGlobalSection
	GlobalSection(SolutionProperties) = preSolution
		HideSolutionNode = FALSE
	EndGlobalSection
EndGlobal
